// !$*UTF8*$!
{
	archiveVersion = 1;
	classes = {
	};
	objectVersion = 77;
	objects = {

/* Begin PBXBuildFile section */
		0C030EA0C2CE0CD7832FA255 /* AVFoundation.framework in Frameworks */ = {isa = PBXBuildFile; fileRef = 7A9027513D7846AE05D62AC5 /* AVFoundation.framework */; };
		0F2612A9A02B79DF3B58168F /* SplashView.swift in Sources */ = {isa = PBXBuildFile; fileRef = 80BC0215FD0649A67E989C60 /* SplashView.swift */; };
		10BFD59C25DC09ED2D30F6A0 /* SubtitlePlayerView.swift in Sources */ = {isa = PBXBuildFile; fileRef = 722F96FD9E6F5A6ADB81A018 /* SubtitlePlayerView.swift */; };
		1B25F733C85B0669C7F69326 /* MovieLibrary.swift in Sources */ = {isa = PBXBuildFile; fileRef = F3F3668EAE2228D0D4E65981 /* MovieLibrary.swift */; };
		2B30BE6DEB84C92C0718B525 /* SpeechSyncService.swift in Sources */ = {isa = PBXBuildFile; fileRef = 734093A4733D325119B87113 /* SpeechSyncService.swift */; };
		31CD4FAEB7FC402098795D0C /* SpeechSyncButton.swift in Sources */ = {isa = PBXBuildFile; fileRef = 5B39175F5BE5A6A55CDDD110 /* SpeechSyncButton.swift */; };
		36A848EF682CFD810A536960 /* MovieCompanionApp.swift in Sources */ = {isa = PBXBuildFile; fileRef = 8268684B52A970DEAB5BE1D5 /* MovieCompanionApp.swift */; };
		4DCED3BC1FC4420BBE2A6A88 /* SRTParser.swift in Sources */ = {isa = PBXBuildFile; fileRef = DB6451B693924A62DD8099B2 /* SRTParser.swift */; };
		5EF6DBAEC2C9ECB4C959C0BF /* Assets.xcassets in Resources */ = {isa = PBXBuildFile; fileRef = F9C757B26F0F3904958F149D /* Assets.xcassets */; };
		645A0046B0F394AB34A916B2 /* MovieLibraryViewModel.swift in Sources */ = {isa = PBXBuildFile; fileRef = A38635113E159D0B10E9BCCA /* MovieLibraryViewModel.swift */; };
		699DA4B72E2B9E44095F7295 /* ProjectHailMary_EN.srt in Resources */ = {isa = PBXBuildFile; fileRef = F95981F5C98C68FEE0D147B6 /* ProjectHailMary_EN.srt */; };
		6F08AACB8CE7C7C9602A0433 /* Language.swift in Sources */ = {isa = PBXBuildFile; fileRef = 345D19FC02AB7287DFD7D51D /* Language.swift */; };
		7B026EBC4CEAEA86EFF8A518 /* MovieListView.swift in Sources */ = {isa = PBXBuildFile; fileRef = B6BF540098B9FA07C9A296F0 /* MovieListView.swift */; };
		91A8967D158A46E1E2E17DF1 /* Movie.swift in Sources */ = {isa = PBXBuildFile; fileRef = 1D1D17321A2A4BC7A102EA5D /* Movie.swift */; };
		A7D07D948F0B9B80703231D4 /* SubtitleLine.swift in Sources */ = {isa = PBXBuildFile; fileRef = 6EFFC3549EE549FAF3E5BC42 /* SubtitleLine.swift */; };
		ADB38B03DA0D37785D121ABB /* PlayerViewModel.swift in Sources */ = {isa = PBXBuildFile; fileRef = 30215C964F6612C9F1C31202 /* PlayerViewModel.swift */; };
		CD9B3E422F74E6F100417A4C /* StandByMe_CN.srt in Resources */ = {isa = PBXBuildFile; fileRef = CD9B3E412F74E6F000417A4C /* StandByMe_CN.srt */; };
		CD9B3E442F74E70300417A4C /* StandByMe_EN.srt in Resources */ = {isa = PBXBuildFile; fileRef = CD9B3E432F74E70300417A4C /* StandByMe_EN.srt */; };
		CD9B3E462F74E76900417A4C /* WarMachine_CN.srt in Resources */ = {isa = PBXBuildFile; fileRef = CD9B3E452F74E76900417A4C /* WarMachine_CN.srt */; };
		CD9B3E482F74E77B00417A4C /* WarMachine_EN.srt in Resources */ = {isa = PBXBuildFile; fileRef = CD9B3E472F74E77B00417A4C /* WarMachine_EN.srt */; };
		CED9E9962A60A83B50F0CEC3 /* Speech.framework in Frameworks */ = {isa = PBXBuildFile; fileRef = 0528A321BDF0B910112DDCF7 /* Speech.framework */; };
		EF585C7578F1D954026A08D8 /* LanguageSelectionView.swift in Sources */ = {isa = PBXBuildFile; fileRef = 6686287B0FC08A6BD449F1C2 /* LanguageSelectionView.swift */; };
		F001C94670FBBF8250539B91 /* ProjectHailMary_CN.srt in Resources */ = {isa = PBXBuildFile; fileRef = 7DB18A0412EC24D53662DC40 /* ProjectHailMary_CN.srt */; };
/* End PBXBuildFile section */

/* Begin PBXFileReference section */
		0528A321BDF0B910112DDCF7 /* Speech.framework */ = {isa = PBXFileReference; lastKnownFileType = wrapper.framework; name = Speech.framework; path = System/Library/Frameworks/Speech.framework; sourceTree = SDKROOT; };
		1D1D17321A2A4BC7A102EA5D /* Movie.swift */ = {isa = PBXFileReference; lastKnownFileType = sourcecode.swift; path = Movie.swift; sourceTree = "<group>"; };
		30215C964F6612C9F1C31202 /* PlayerViewModel.swift */ = {isa = PBXFileReference; lastKnownFileType = sourcecode.swift; path = PlayerViewModel.swift; sourceTree = "<group>"; };
		345D19FC02AB7287DFD7D51D /* Language.swift */ = {isa = PBXFileReference; lastKnownFileType = sourcecode.swift; path = Language.swift; sourceTree = "<group>"; };
		5B39175F5BE5A6A55CDDD110 /* SpeechSyncButton.swift */ = {isa = PBXFileReference; lastKnownFileType = sourcecode.swift; path = SpeechSyncButton.swift; sourceTree = "<group>"; };
		5DDFCD5BDC4DDBBEBA741896 /* MovieCompanion.app */ = {isa = PBXFileReference; explicitFileType = wrapper.application; includeInIndex = 0; path = MovieCompanion.app; sourceTree = BUILT_PRODUCTS_DIR; };
		6686287B0FC08A6BD449F1C2 /* LanguageSelectionView.swift */ = {isa = PBXFileReference; lastKnownFileType = sourcecode.swift; path = LanguageSelectionView.swift; sourceTree = "<group>"; };
		66A5E45A38F6F1653A4024C7 /* Info.plist */ = {isa = PBXFileReference; lastKnownFileType = text.plist; path = Info.plist; sourceTree = "<group>"; };
		6EFFC3549EE549FAF3E5BC42 /* SubtitleLine.swift */ = {isa = PBXFileReference; lastKnownFileType = sourcecode.swift; path = SubtitleLine.swift; sourceTree = "<group>"; };
		722F96FD9E6F5A6ADB81A018 /* SubtitlePlayerView.swift */ = {isa = PBXFileReference; lastKnownFileType = sourcecode.swift; path = SubtitlePlayerView.swift; sourceTree = "<group>"; };
		734093A4733D325119B87113 /* SpeechSyncService.swift */ = {isa = PBXFileReference; lastKnownFileType = sourcecode.swift; path = SpeechSyncService.swift; sourceTree = "<group>"; };
		7A9027513D7846AE05D62AC5 /* AVFoundation.framework */ = {isa = PBXFileReference; lastKnownFileType = wrapper.framework; name = AVFoundation.framework; path = System/Library/Frameworks/AVFoundation.framework; sourceTree = SDKROOT; };
		7DB18A0412EC24D53662DC40 /* ProjectHailMary_CN.srt */ = {isa = PBXFileReference; lastKnownFileType = text; path = ProjectHailMary_CN.srt; sourceTree = "<group>"; };
		80BC0215FD0649A67E989C60 /* SplashView.swift */ = {isa = PBXFileReference; lastKnownFileType = sourcecode.swift; path = SplashView.swift; sourceTree = "<group>"; };
		8268684B52A970DEAB5BE1D5 /* MovieCompanionApp.swift */ = {isa = PBXFileReference; lastKnownFileType = sourcecode.swift; path = MovieCompanionApp.swift; sourceTree = "<group>"; };
		A38635113E159D0B10E9BCCA /* MovieLibraryViewModel.swift */ = {isa = PBXFileReference; lastKnownFileType = sourcecode.swift; path = MovieLibraryViewModel.swift; sourceTree = "<group>"; };
		B6BF540098B9FA07C9A296F0 /* MovieListView.swift */ = {isa = PBXFileReference; lastKnownFileType = sourcecode.swift; path = MovieListView.swift; sourceTree = "<group>"; };
		CD9B3E412F74E6F000417A4C /* StandByMe_CN.srt */ = {isa = PBXFileReference; lastKnownFileType = text; path = StandByMe_CN.srt; sourceTree = "<group>"; };
		CD9B3E432F74E70300417A4C /* StandByMe_EN.srt */ = {isa = PBXFileReference; lastKnownFileType = text; path = StandByMe_EN.srt; sourceTree = "<group>"; };
		CD9B3E452F74E76900417A4C /* WarMachine_CN.srt */ = {isa = PBXFileReference; lastKnownFileType = text; path = WarMachine_CN.srt; sourceTree = "<group>"; };
		CD9B3E472F74E77B00417A4C /* WarMachine_EN.srt */ = {isa = PBXFileReference; lastKnownFileType = text; path = WarMachine_EN.srt; sourceTree = "<group>"; };
		DB6451B693924A62DD8099B2 /* SRTParser.swift */ = {isa = PBXFileReference; lastKnownFileType = sourcecode.swift; path = SRTParser.swift; sourceTree = "<group>"; };
		F3F3668EAE2228D0D4E65981 /* MovieLibrary.swift */ = {isa = PBXFileReference; lastKnownFileType = sourcecode.swift; path = MovieLibrary.swift; sourceTree = "<group>"; };
		F95981F5C98C68FEE0D147B6 /* ProjectHailMary_EN.srt */ = {isa = PBXFileReference; lastKnownFileType = text; path = ProjectHailMary_EN.srt; sourceTree = "<group>"; };
		F9C757B26F0F3904958F149D /* Assets.xcassets */ = {isa = PBXFileReference; lastKnownFileType = folder.assetcatalog; path = Assets.xcassets; sourceTree = "<group>"; };
/* End PBXFileReference section */

/* Begin PBXFrameworksBuildPhase section */
		9AC14C5985EC9140FCCB7294 /* Frameworks */ = {
			isa = PBXFrameworksBuildPhase;
			buildActionMask = 2147483647;
			files = (
				CED9E9962A60A83B50F0CEC3 /* Speech.framework in Frameworks */,
				0C030EA0C2CE0CD7832FA255 /* AVFoundation.framework in Frameworks */,
			);
			runOnlyForDeploymentPostprocessing = 0;
		};
/* End PBXFrameworksBuildPhase section */

/* Begin PBXGroup section */
		1786CF6BE93E20E983EC28D8 /* Resources */ = {
			isa = PBXGroup;
			children = (
				CD9B3E452F74E76900417A4C /* WarMachine_CN.srt */,
				CD9B3E472F74E77B00417A4C /* WarMachine_EN.srt */,
				CD9B3E412F74E6F000417A4C /* StandByMe_CN.srt */,
				7DB18A0412EC24D53662DC40 /* ProjectHailMary_CN.srt */,
				F95981F5C98C68FEE0D147B6 /* ProjectHailMary_EN.srt */,
				CD9B3E432F74E70300417A4C /* StandByMe_EN.srt */,
			);
			path = Resources;
			sourceTree = "<group>";
		};
		3555D53BAA86FCBC13A209C4 /* Models */ = {
			isa = PBXGroup;
			children = (
				345D19FC02AB7287DFD7D51D /* Language.swift */,
				1D1D17321A2A4BC7A102EA5D /* Movie.swift */,
				6EFFC3549EE549FAF3E5BC42 /* SubtitleLine.swift */,
			);
			path = Models;
			sourceTree = "<group>";
		};
		3FB2744D590E7A1F9F1089F6 = {
			isa = PBXGroup;
			children = (
				D7B1C74DC9397FD1A8B18C85 /* MovieCompanion */,
				66487D454C7E7300BA6825DE /* Frameworks */,
				D909FBF4C9D2AA5485E814F7 /* Products */,
			);
			sourceTree = "<group>";
		};
		66487D454C7E7300BA6825DE /* Frameworks */ = {
			isa = PBXGroup;
			children = (
				7A9027513D7846AE05D62AC5 /* AVFoundation.framework */,
				0528A321BDF0B910112DDCF7 /* Speech.framework */,
			);
			name = Frameworks;
			sourceTree = "<group>";
		};
		852D0E19F61BB9076674B229 /* Services */ = {
			isa = PBXGroup;
			children = (
				F3F3668EAE2228D0D4E65981 /* MovieLibrary.swift */,
				734093A4733D325119B87113 /* SpeechSyncService.swift */,
				DB6451B693924A62DD8099B2 /* SRTParser.swift */,
			);
			path = Services;
			sourceTree = "<group>";
		};
		CA9EB5266C661B14393C70AF /* ViewModels */ = {
			isa = PBXGroup;
			children = (
				A38635113E159D0B10E9BCCA /* MovieLibraryViewModel.swift */,
				30215C964F6612C9F1C31202 /* PlayerViewModel.swift */,
			);
			path = ViewModels;
			sourceTree = "<group>";
		};
		D79C97484BD333C8874F2E28 /* Views */ = {
			isa = PBXGroup;
			children = (
				6686287B0FC08A6BD449F1C2 /* LanguageSelectionView.swift */,
				B6BF540098B9FA07C9A296F0 /* MovieListView.swift */,
				5B39175F5BE5A6A55CDDD110 /* SpeechSyncButton.swift */,
				80BC0215FD0649A67E989C60 /* SplashView.swift */,
				722F96FD9E6F5A6ADB81A018 /* SubtitlePlayerView.swift */,
			);
			path = Views;
			sourceTree = "<group>";
		};
		D7B1C74DC9397FD1A8B18C85 /* MovieCompanion */ = {
			isa = PBXGroup;
			children = (
				F9C757B26F0F3904958F149D /* Assets.xcassets */,
				66A5E45A38F6F1653A4024C7 /* Info.plist */,
				8268684B52A970DEAB5BE1D5 /* MovieCompanionApp.swift */,
				3555D53BAA86FCBC13A209C4 /* Models */,
				1786CF6BE93E20E983EC28D8 /* Resources */,
				852D0E19F61BB9076674B229 /* Services */,
				CA9EB5266C661B14393C70AF /* ViewModels */,
				D79C97484BD333C8874F2E28 /* Views */,
			);
			path = MovieCompanion;
			sourceTree = "<group>";
		};
		D909FBF4C9D2AA5485E814F7 /* Products */ = {
			isa = PBXGroup;
			children = (
				5DDFCD5BDC4DDBBEBA741896 /* MovieCompanion.app */,
			);
			name = Products;
			sourceTree = "<group>";
		};
/* End PBXGroup section */

/* Begin PBXNativeTarget section */
		5D56520AD661B7961FD11AA6 /* MovieCompanion */ = {
			isa = PBXNativeTarget;
			buildConfigurationList = 0B06C29341610FF48D5B4D54 /* Build configuration list for PBXNativeTarget "MovieCompanion" */;
			buildPhases = (
				54BC77BE436F5015FC3E4592 /* Sources */,
				4D3FCD235647815D39F9268D /* Resources */,
				9AC14C5985EC9140FCCB7294 /* Frameworks */,
			);
			buildRules = (
			);
			dependencies = (
			);
			name = MovieCompanion;
			packageProductDependencies = (
			);
			productName = MovieCompanion;
			productReference = 5DDFCD5BDC4DDBBEBA741896 /* MovieCompanion.app */;
			productType = "com.apple.product-type.application";
		};
/* End PBXNativeTarget section */

/* Begin PBXProject section */
		8748DC57CB62A13A0DEA880E /* Project object */ = {
			isa = PBXProject;
			attributes = {
				BuildIndependentTargetsInParallel = YES;
				LastUpgradeCheck = 1430;
				TargetAttributes = {
					5D56520AD661B7961FD11AA6 = {
						ProvisioningStyle = Automatic;
					};
				};
			};
			buildConfigurationList = E29D785672B666678FDD4754 /* Build configuration list for PBXProject "MovieCompanion" */;
			developmentRegion = en;
			hasScannedForEncodings = 0;
			knownRegions = (
				Base,
				en,
			);
			mainGroup = 3FB2744D590E7A1F9F1089F6;
			minimizedProjectReferenceProxies = 1;
			preferredProjectObjectVersion = 77;
			productRefGroup = D909FBF4C9D2AA5485E814F7 /* Products */;
			projectDirPath = "";
			projectRoot = "";
			targets = (
				5D56520AD661B7961FD11AA6 /* MovieCompanion */,
			);
		};
/* End PBXProject section */

/* Begin PBXResourcesBuildPhase section */
		4D3FCD235647815D39F9268D /* Resources */ = {
			isa = PBXResourcesBuildPhase;
			buildActionMask = 2147483647;
			files = (
				CD9B3E442F74E70300417A4C /* StandByMe_EN.srt in Resources */,
				5EF6DBAEC2C9ECB4C959C0BF /* Assets.xcassets in Resources */,
				F001C94670FBBF8250539B91 /* ProjectHailMary_CN.srt in Resources */,
				CD9B3E462F74E76900417A4C /* WarMachine_CN.srt in Resources */,
				CD9B3E422F74E6F100417A4C /* StandByMe_CN.srt in Resources */,
				CD9B3E482F74E77B00417A4C /* WarMachine_EN.srt in Resources */,
				699DA4B72E2B9E44095F7295 /* ProjectHailMary_EN.srt in Resources */,
			);
			runOnlyForDeploymentPostprocessing = 0;
		};
/* End PBXResourcesBuildPhase section */

/* Begin PBXSourcesBuildPhase section */
		54BC77BE436F5015FC3E4592 /* Sources */ = {
			isa = PBXSourcesBuildPhase;
			buildActionMask = 2147483647;
			files = (
				6F08AACB8CE7C7C9602A0433 /* Language.swift in Sources */,
				EF585C7578F1D954026A08D8 /* LanguageSelectionView.swift in Sources */,
				91A8967D158A46E1E2E17DF1 /* Movie.swift in Sources */,
				36A848EF682CFD810A536960 /* MovieCompanionApp.swift in Sources */,
				1B25F733C85B0669C7F69326 /* MovieLibrary.swift in Sources */,
				645A0046B0F394AB34A916B2 /* MovieLibraryViewModel.swift in Sources */,
				7B026EBC4CEAEA86EFF8A518 /* MovieListView.swift in Sources */,
				ADB38B03DA0D37785D121ABB /* PlayerViewModel.swift in Sources */,
				4DCED3BC1FC4420BBE2A6A88 /* SRTParser.swift in Sources */,
				31CD4FAEB7FC402098795D0C /* SpeechSyncButton.swift in Sources */,
				2B30BE6DEB84C92C0718B525 /* SpeechSyncService.swift in Sources */,
				0F2612A9A02B79DF3B58168F /* SplashView.swift in Sources */,
				A7D07D948F0B9B80703231D4 /* SubtitleLine.swift in Sources */,
				10BFD59C25DC09ED2D30F6A0 /* SubtitlePlayerView.swift in Sources */,
			);
			runOnlyForDeploymentPostprocessing = 0;
		};
/* End PBXSourcesBuildPhase section */

/* Begin XCBuildConfiguration section */
		01ACC63AA7D1835043830177 /* Debug */ = {
			isa = XCBuildConfiguration;
			buildSettings = {
				ALWAYS_SEARCH_USER_PATHS = NO;
				CLANG_ANALYZER_NONNULL = YES;
				CLANG_ANALYZER_NUMBER_OBJECT_CONVERSION = YES_AGGRESSIVE;
				CLANG_CXX_LANGUAGE_STANDARD = "gnu++14";
				CLANG_CXX_LIBRARY = "libc++";
				CLANG_ENABLE_MODULES = YES;
				CLANG_ENABLE_OBJC_ARC = YES;
				CLANG_ENABLE_OBJC_WEAK = YES;
				CLANG_WARN_BLOCK_CAPTURE_AUTORELEASING = YES;
				CLANG_WARN_BOOL_CONVERSION = YES;
				CLANG_WARN_COMMA = YES;
				CLANG_WARN_CONSTANT_CONVERSION = YES;
				CLANG_WARN_DEPRECATED_OBJC_IMPLEMENTATIONS = YES;
				CLANG_WARN_DIRECT_OBJC_ISA_USAGE = YES_ERROR;
				CLANG_WARN_DOCUMENTATION_COMMENTS = YES;
				CLANG_WARN_EMPTY_BODY = YES;
				CLANG_WARN_ENUM_CONVERSION = YES;
				CLANG_WARN_INFINITE_RECURSION = YES;
				CLANG_WARN_INT_CONVERSION = YES;
				CLANG_WARN_NON_LITERAL_NULL_CONVERSION = YES;
				CLANG_WARN_OBJC_IMPLICIT_RETAIN_SELF = YES;
				CLANG_WARN_OBJC_LITERAL_CONVERSION = YES;
				CLANG_WARN_OBJC_ROOT_CLASS = YES_ERROR;
				CLANG_WARN_QUOTED_INCLUDE_IN_FRAMEWORK_HEADER = YES;
				CLANG_WARN_RANGE_LOOP_ANALYSIS = YES;
				CLANG_WARN_STRICT_PROTOTYPES = YES;
				CLANG_WARN_SUSPICIOUS_MOVE = YES;
				CLANG_WARN_UNGUARDED_AVAILABILITY = YES_AGGRESSIVE;
				CLANG_WARN_UNREACHABLE_CODE = YES;
				CLANG_WARN__DUPLICATE_METHOD_MATCH = YES;
				COPY_PHASE_STRIP = NO;
				DEBUG_INFORMATION_FORMAT = dwarf;
				ENABLE_STRICT_OBJC_MSGSEND = YES;
				ENABLE_TESTABILITY = YES;
				GCC_C_LANGUAGE_STANDARD = gnu11;
				GCC_DYNAMIC_NO_PIC = NO;
				GCC_NO_COMMON_BLOCKS = YES;
				GCC_OPTIMIZATION_LEVEL = 0;
				GCC_PREPROCESSOR_DEFINITIONS = (
					"$(inherited)",
					"DEBUG=1",
				);
				GCC_WARN_64_TO_32_BIT_CONVERSION = YES;
				GCC_WARN_ABOUT_RETURN_TYPE = YES_ERROR;
				GCC_WARN_UNDECLARED_SELECTOR = YES;
				GCC_WARN_UNINITIALIZED_AUTOS = YES_AGGRESSIVE;
				GCC_WARN_UNUSED_FUNCTION = YES;
				GCC_WARN_UNUSED_VARIABLE = YES;
				IPHONEOS_DEPLOYMENT_TARGET = 16.0;
				MTL_ENABLE_DEBUG_INFO = INCLUDE_SOURCE;
				MTL_FAST_MATH = YES;
				ONLY_ACTIVE_ARCH = YES;
				PRODUCT_NAME = "$(TARGET_NAME)";
				SDKROOT = iphoneos;
				SWIFT_ACTIVE_COMPILATION_CONDITIONS = DEBUG;
				SWIFT_OPTIMIZATION_LEVEL = "-Onone";
				SWIFT_VERSION = 5.0;
			};
			name = Debug;
		};
		2A2699549721D545D3103501 /* Debug */ = {
			isa = XCBuildConfiguration;
			buildSettings = {
				ASSETCATALOG_COMPILER_APPICON_NAME = AppIcon;
				ASSETCATALOG_COMPILER_GLOBAL_ACCENT_COLOR_NAME = AccentColor;
				CODE_SIGN_IDENTITY = "iPhone Developer";
				CODE_SIGN_STYLE = Automatic;
				DEVELOPMENT_TEAM = AP725C78YR;
				INFOPLIST_FILE = MovieCompanion/Info.plist;
				IPHONEOS_DEPLOYMENT_TARGET = 16.0;
				LD_RUNPATH_SEARCH_PATHS = (
					"$(inherited)",
					"@executable_path/Frameworks",
				);
				PRODUCT_BUNDLE_IDENTIFIER = com.moviecompanion.app;
				SDKROOT = iphoneos;
				SUPPORTS_MACCATALYST = NO;
				SWIFT_VERSION = 5.9;
				TARGETED_DEVICE_FAMILY = 1;
			};
			name = Debug;
		};
		AF6BA01129C0C66043580FA3 /* Release */ = {
			isa = XCBuildConfiguration;
			buildSettings = {
				ASSETCATALOG_COMPILER_APPICON_NAME = AppIcon;
				ASSETCATALOG_COMPILER_GLOBAL_ACCENT_COLOR_NAME = AccentColor;
				CODE_SIGN_IDENTITY = "iPhone Developer";
				CODE_SIGN_STYLE = Automatic;
				DEVELOPMENT_TEAM = AP725C78YR;
				INFOPLIST_FILE = MovieCompanion/Info.plist;
				IPHONEOS_DEPLOYMENT_TARGET = 16.0;
				LD_RUNPATH_SEARCH_PATHS = (
					"$(inherited)",
					"@executable_path/Frameworks",
				);
				PRODUCT_BUNDLE_IDENTIFIER = com.moviecompanion.app;
				SDKROOT = iphoneos;
				SUPPORTS_MACCATALYST = NO;
				SWIFT_VERSION = 5.9;
				TARGETED_DEVICE_FAMILY = 1;
			};
			name = Release;
		};
		D4460F6C91359BE09CAE2345 /* Release */ = {
			isa = XCBuildConfiguration;
			buildSettings = {
				ALWAYS_SEARCH_USER_PATHS = NO;
				CLANG_ANALYZER_NONNULL = YES;
				CLANG_ANALYZER_NUMBER_OBJECT_CONVERSION = YES_AGGRESSIVE;
				CLANG_CXX_LANGUAGE_STANDARD = "gnu++14";
				CLANG_CXX_LIBRARY = "libc++";
				CLANG_ENABLE_MODULES = YES;
				CLANG_ENABLE_OBJC_ARC = YES;
				CLANG_ENABLE_OBJC_WEAK = YES;
				CLANG_WARN_BLOCK_CAPTURE_AUTORELEASING = YES;
				CLANG_WARN_BOOL_CONVERSION = YES;
				CLANG_WARN_COMMA = YES;
				CLANG_WARN_CONSTANT_CONVERSION = YES;
				CLANG_WARN_DEPRECATED_OBJC_IMPLEMENTATIONS = YES;
				CLANG_WARN_DIRECT_OBJC_ISA_USAGE = YES_ERROR;
				CLANG_WARN_DOCUMENTATION_COMMENTS = YES;
				CLANG_WARN_EMPTY_BODY = YES;
				CLANG_WARN_ENUM_CONVERSION = YES;
				CLANG_WARN_INFINITE_RECURSION = YES;
				CLANG_WARN_INT_CONVERSION = YES;
				CLANG_WARN_NON_LITERAL_NULL_CONVERSION = YES;
				CLANG_WARN_OBJC_IMPLICIT_RETAIN_SELF = YES;
				CLANG_WARN_OBJC_LITERAL_CONVERSION = YES;
				CLANG_WARN_OBJC_ROOT_CLASS = YES_ERROR;
				CLANG_WARN_QUOTED_INCLUDE_IN_FRAMEWORK_HEADER = YES;
				CLANG_WARN_RANGE_LOOP_ANALYSIS = YES;
				CLANG_WARN_STRICT_PROTOTYPES = YES;
				CLANG_WARN_SUSPICIOUS_MOVE = YES;
				CLANG_WARN_UNGUARDED_AVAILABILITY = YES_AGGRESSIVE;
				CLANG_WARN_UNREACHABLE_CODE = YES;
				CLANG_WARN__DUPLICATE_METHOD_MATCH = YES;
				COPY_PHASE_STRIP = NO;
				DEBUG_INFORMATION_FORMAT = "dwarf-with-dsym";
				ENABLE_NS_ASSERTIONS = NO;
				ENABLE_STRICT_OBJC_MSGSEND = YES;
				GCC_C_LANGUAGE_STANDARD = gnu11;
				GCC_NO_COMMON_BLOCKS = YES;
				GCC_WARN_64_TO_32_BIT_CONVERSION = YES;
				GCC_WARN_ABOUT_RETURN_TYPE = YES_ERROR;
				GCC_WARN_UNDECLARED_SELECTOR = YES;
				GCC_WARN_UNINITIALIZED_AUTOS = YES_AGGRESSIVE;
				GCC_WARN_UNUSED_FUNCTION = YES;
				GCC_WARN_UNUSED_VARIABLE = YES;
				IPHONEOS_DEPLOYMENT_TARGET = 16.0;
				MTL_ENABLE_DEBUG_INFO = NO;
				MTL_FAST_MATH = YES;
				PRODUCT_NAME = "$(TARGET_NAME)";
				SDKROOT = iphoneos;
				SWIFT_COMPILATION_MODE = wholemodule;
				SWIFT_OPTIMIZATION_LEVEL = "-O";
				SWIFT_VERSION = 5.0;
			};
			name = Release;
		};
/* End XCBuildConfiguration section */

/* Begin XCConfigurationList section */
		0B06C29341610FF48D5B4D54 /* Build configuration list for PBXNativeTarget "MovieCompanion" */ = {
			isa = XCConfigurationList;
			buildConfigurations = (
				2A2699549721D545D3103501 /* Debug */,
				AF6BA01129C0C66043580FA3 /* Release */,
			);
			defaultConfigurationIsVisible = 0;
			defaultConfigurationName = Debug;
		};
		E29D785672B666678FDD4754 /* Build configuration list for PBXProject "MovieCompanion" */ = {
			isa = XCConfigurationList;
			buildConfigurations = (
				01ACC63AA7D1835043830177 /* Debug */,
				D4460F6C91359BE09CAE2345 /* Release */,
			);
			defaultConfigurationIsVisible = 0;
			defaultConfigurationName = Debug;
		};
/* End XCConfigurationList section */
	};
	rootObject = 8748DC57CB62A13A0DEA880E /* Project object */;
}
